
Microsoft Visual Studio Solution File, Format Version 12.00
# Visual Studio 15
VisualStudioVersion = 15.0.26730.3
MinimumVisualStudioVersion = 10.0.40219.1
Project("{2150E333-8FDC-42A3-9474-1A3956D46DE8}") = "Nagisa.Icon", "Nagisa.Icon", "{FCCCDA7A-C4F5-4D02-A775-08AEA06A0AFC}"
	ProjectSection(SolutionItems) = preProject
		Nagisa.Icon\Nagisa.png = Nagisa.Icon\Nagisa.png
		Nagisa.Icon\Nagisa.xcf = Nagisa.Icon\Nagisa.xcf
	EndProjectSection
EndProject
Project("{2150E333-8FDC-42A3-9474-1A3956D46DE8}") = "Nagisa.Root", "Nagisa.Root", "{4D5AA480-6E5E-447A-BFC1-E159FB6B8DDB}"
	ProjectSection(SolutionItems) = preProject
		.gitignore = .gitignore
		Changelog.md = Changelog.md
		LICENSE = LICENSE
		People.md = People.md
		README.md = README.md
	EndProjectSection
EndProject
Global
	GlobalSection(SolutionConfigurationPlatforms) = preSolution
		Debug|ARM = Debug|ARM
		Debug|x64 = Debug|x64
		Debug|x86 = Debug|x86
		Release|ARM = Release|ARM
		Release|x64 = Release|x64
		Release|x86 = Release|x86
	EndGlobalSection
	GlobalSection(SolutionProperties) = preSolution
		HideSolutionNode = FALSE
	EndGlobalSection
	GlobalSection(ExtensibilityGlobals) = postSolution
		SolutionGuid = {84DF873F-E402-4D85-A45D-124B6607A876}
	EndGlobalSection
EndGlobal
