<?xml version="1.0" encoding="utf-8"?>
<Project ToolsVersion="15.0" xmlns="http://schemas.microsoft.com/developer/msbuild/2003">
  <ItemGroup>
    <Filter Include="Resources">
      <UniqueIdentifier>27ed76d3-974d-4ae6-b9f1-ef3079680b6b</UniqueIdentifier>
      <Extensions>rc;ico;cur;bmp;dlg;rc2;rct;bin;rgs;gif;jpg;jpeg;jpe;resx;tga;tiff;tif;png;wav;mfcribbon-ms</Extensions>
    </Filter>
    <Filter Include="NagisaCore.Configuration">
      <UniqueIdentifier>{f214d819-ed04-4946-a82e-e54cef2557a6}</UniqueIdentifier>
    </Filter>
    <Filter Include="NagisaCore.BackgroundTask">
      <UniqueIdentifier>{9b33052b-1bf1-4d81-9825-e24740576ea4}</UniqueIdentifier>
    </Filter>
  </ItemGroup>
  <ItemGroup>
    <ClCompile Include="pch.cpp" />
    <ClCompile Include="NagisaCore.Configuration.cpp">
      <Filter>NagisaCore.Configuration</Filter>
    </ClCompile>
    <ClCompile Include="NagisaCore.BackgroundTask.cpp">
      <Filter>NagisaCore.BackgroundTask</Filter>
    </ClCompile>
  </ItemGroup>
  <ItemGroup>
    <ClInclude Include="pch.h" />
    <ClInclude Include="resource.h" />
    <ClInclude Include="NagisaCore.Configuration.h">
      <Filter>NagisaCore.Configuration</Filter>
    </ClInclude>
    <ClInclude Include="NagisaCore.BackgroundTask.h">
      <Filter>NagisaCore.BackgroundTask</Filter>
    </ClInclude>
  </ItemGroup>
  <ItemGroup>
    <ResourceCompile Include="NagisaCore.rc">
      <Filter>Resources</Filter>
    </ResourceCompile>
  </ItemGroup>
</Project>